{
  "lockfileVersion": 2,
  "configVersion": 1,
  "workspaces": {
    "": {
      "name": "opentrail",
      "devDependencies": {
        "@biomejs/biome": "2.5.14",
        "turbo": "2.11.3",
        "typescript": "6.0.3",
      },
    },
    "packages/tsconfig": {
      "name": "@repo/tsconfig",
      "version": "0.0.0",
    },
  },
  "packages": {
    "@biomejs/biome": ["@biomejs/biome@2.5.14", "", { "optionalDependencies": { "@biomejs/cli-darwin-arm64": "2.5.14", "@biomejs/cli-darwin-x64": "2.5.14", "@biomejs/cli-linux-arm64": "2.5.14", "@biomejs/cli-linux-arm64-musl": "2.5.14", "@biomejs/cli-linux-x64": "2.5.14", "@biomejs/cli-linux-x64-musl": "2.5.14", "@biomejs/cli-win32-arm64": "2.5.14", "@biomejs/cli-win32-x64": "2.5.14" }, "bin": { "biome": "bin/biome" } }, "sha512-0FabLIjd4M/dm8VFI86RMaLLdgepzbdfiAL2R8cr7V81OYYrP1w7Z73KfAwPK5h9SrEBXTzNG2y+mBwPo9xRnw=="],

    "@biomejs/cli-darwin-arm64": ["@biomejs/cli-darwin-arm64@2.5.14", "", { "os": "darwin", "cpu": "arm64" }, "sha512-UnzaXO65L4tsZimFITFP2M121GyhDcWFrT3pL5ZJ5U4XcS/0L5VHYytVohdCf/gnDUFHgl2I9xnt5bV/J1kxHQ=="],

    "@biomejs/cli-darwin-x64": ["@biomejs/cli-darwin-x64@2.5.14", "", { "os": "darwin", "cpu": "x64" }, "sha512-kiy8qA16K93J7uvFfWi4LgjqDpnRKyePAna6A0Y4jxyUga35SYpIZ2cNWlhy0lsfgqRenCpfymnJWEZ6mgpRgA=="],

    "@biomejs/cli-linux-arm64": ["@biomejs/cli-linux-arm64@2.5.14", "", { "os": "linux", "cpu": "arm64" }, "sha512-vO/9BaU1n30CiFNLx49gMTMtbCAAqlo/EqFoG0BU3deQInTbJrmXSmTQ9e3FoDZIKQnvSLDVNL4lx1ci7y1T1Q=="],

    "@biomejs/cli-linux-arm64-musl": ["@biomejs/cli-linux-arm64-musl@2.5.14", "", { "os": "linux", "cpu": "arm64" }, "sha512-SJ9PrZkBnnH9dHJDnxk34vKs0GB2dbsioaft6/hPhWJ7AHpwYH83Isnhj0FSRpFkGgpVfJ1lds23ApB2czUDLQ=="],

    "@biomejs/cli-linux-x64": ["@biomejs/cli-linux-x64@2.5.14", "", { "os": "linux", "cpu": "x64" }, "sha512-VHZRa7CCQBUWKxNwUvHJeuW03WFRgN5NWO//SDGOitc9QIeNyfA42V9zlKm+x82xFSG9Bzi5fi+hbhm9anO8yA=="],

    "@biomejs/cli-linux-x64-musl": ["@biomejs/cli-linux-x64-musl@2.5.14", "", { "os": "linux", "cpu": "x64" }, "sha512-2kI5PrMgW5dcEZYrstLPmUmCwkUwZY39rP4BN93Vxbwcs2O57LDQOktUZZYPvvspN5i0mhGr3TJtF5sU26NUWg=="],

    "@biomejs/cli-win32-arm64": ["@biomejs/cli-win32-arm64@2.5.14", "", { "os": "win32", "cpu": "arm64" }, "sha512-pHgAFffmZtaYoxavEsWEYNvcA7NwOIjLyqw2HXyLbt16xYryX0L4fMV2u0G9ag6LNYPIoqWaWqzUcnc6rLGGXg=="],

    "@biomejs/cli-win32-x64": ["@biomejs/cli-win32-x64@2.5.14", "", { "os": "win32", "cpu": "x64" }, "sha512-oJWmBhoHsnhUKIke+0gXDX0mltJrWHA1UyHsrTlXwX0TL64ilVZAo+TYZm97baecV0esBdpzy3k96q+09JaZUQ=="],

    "@repo/tsconfig": ["@repo/tsconfig@workspace:packages/tsconfig"],

    "@turbo/darwin-64": ["@turbo/darwin-64@2.11.3", "", { "os": "darwin", "cpu": "x64" }, "sha512-D4EIKTgPpxFQL5aZNbNqy57XOiRldM+mwP1ME9ZLM4DJoV3oNK7GKyQWVusz1umjiFNmLvunNGw7Jq4RUyYL3A=="],

    "@turbo/darwin-arm64": ["@turbo/darwin-arm64@2.11.3", "", { "os": "darwin", "cpu": "arm64" }, "sha512-WOvgWIO86LzBQmL9aRFekROing1CZMVDjmdD7Dk6R65qFAFdrlKkufojenjW1AbUAqytpG6xsXzq8UEScdSdDQ=="],

    "@turbo/linux-64": ["@turbo/linux-64@2.11.3", "", { "os": [ "linux", "android", ], "cpu": "x64" }, "sha512-zIgNl9KkMnsdU54JrnazELatpMJDSktKjD3kjKVliUNMl/5uhFRrqQ+Z1qaACKw/2ybL7xzlsHir9s5q7sYlQg=="],

    "@turbo/linux-arm64": ["@turbo/linux-arm64@2.11.3", "", { "os": [ "linux", "android", ], "cpu": "arm64" }, "sha512-aJToWHx5JYvpPwIrAt1DuYrHWcpQGjGf0XVPRMKQBHou//JUYR6oowHeUZp9Oq7e3XDWA75E37C2GnNaBqCVnA=="],

    "@turbo/windows-64": ["@turbo/windows-64@2.11.3", "", { "os": "win32", "cpu": "x64" }, "sha512-hu5biiwVGdMvHB/vvaoPjtudNBn3TqcsKK2A06ap3O0wnSZwAtTXe92tKTckpecDeVs+IC+4r8s2wXpbdSPWoA=="],

    "@turbo/windows-arm64": ["@turbo/windows-arm64@2.11.3", "", { "os": "win32", "cpu": "arm64" }, "sha512-naDEb/31UmOOJOChi+LebLMKWKa1kId0yig1yTRZzDViDg1lBw1Ptu5iQYCvOfOOrx6swUUucf3zPWuPGWz7Jw=="],

    "turbo": ["turbo@2.11.3", "", { "optionalDependencies": { "@turbo/darwin-64": "2.11.3", "@turbo/darwin-arm64": "2.11.3", "@turbo/linux-64": "2.11.3", "@turbo/linux-arm64": "2.11.3", "@turbo/windows-64": "2.11.3", "@turbo/windows-arm64": "2.11.3" }, "bin": { "turbo": "bin/turbo" } }, "sha512-Pfg2dWNOUPwJYbR+eYAcjoBbo4Kmoc8uQb80hzKrBgNEQtxvwf2ucXG7C28MyLVhV/zJSKvChrR+2CP/BONpoA=="],

    "typescript": ["typescript@6.0.3", "", { "bin": { "tsc": "bin/tsc", "tsserver": "bin/tsserver" } }, "sha512-y2TvuxSZPDyQakkFRPZHKFm+KKVqIisdg9/CZwm9ftvKXLP8NRWj38/ODjNbr43SsoXqNuAisEf1GdCxqWcdBw=="],
  }
}
